
Microsoft Visual Studio Solution File, Format Version 12.00
# Visual Studio 2012
Project("{FAE04EC0-301F-11D3-BF4B-00C04F79EFBC}") = "PivotViewerXaml", "PivotViewerXaml\PivotViewerXaml.csproj", "{73BE7C32-5C1B-4B00-851C-5C69DE83327A}"
EndProject
Project("{FAE04EC0-301F-11D3-BF4B-00C04F79EFBC}") = "PivotViewerXaml.Web", "PivotViewerXaml.Web\PivotViewerXaml.Web.csproj", "{11C35079-C5D2-4A99-B7D9-7906BFEFE852}"
EndProject
Global
	GlobalSection(SolutionConfigurationPlatforms) = preSolution
		Debug|Any CPU = Debug|Any CPU
		Release|Any CPU = Release|Any CPU
	EndGlobalSection
	GlobalSection(ProjectConfigurationPlatforms) = postSolution
		{73BE7C32-5C1B-4B00-851C-5C69DE83327A}.Debug|Any CPU.ActiveCfg = Debug|Any CPU
		{73BE7C32-5C1B-4B00-851C-5C69DE83327A}.Debug|Any CPU.Build.0 = Debug|Any CPU
		{73BE7C32-5C1B-4B00-851C-5C69DE83327A}.Release|Any CPU.ActiveCfg = Release|Any CPU
		{73BE7C32-5C1B-4B00-851C-5C69DE83327A}.Release|Any CPU.Build.0 = Release|Any CPU
		{11C35079-C5D2-4A99-B7D9-7906BFEFE852}.Debug|Any CPU.ActiveCfg = Debug|Any CPU
		{11C35079-C5D2-4A99-B7D9-7906BFEFE852}.Debug|Any CPU.Build.0 = Debug|Any CPU
		{11C35079-C5D2-4A99-B7D9-7906BFEFE852}.Release|Any CPU.ActiveCfg = Release|Any CPU
		{11C35079-C5D2-4A99-B7D9-7906BFEFE852}.Release|Any CPU.Build.0 = Release|Any CPU
	EndGlobalSection
	GlobalSection(SolutionProperties) = preSolution
		HideSolutionNode = FALSE
	EndGlobalSection
EndGlobal
